// !$*UTF8*$!
{
	archiveVersion = 1;
	classes = {
	};
	objectVersion = 55;
	objects = {

/* Begin PBXBuildFile section */
		044CE5D227A28AC0003CFABC /* AppDelegate.swift in Sources */ = {isa = PBXBuildFile; fileRef = 044CE5D127A28AC0003CFABC /* AppDelegate.swift */; };
		044CE5D427A28AC0003CFABC /* SceneDelegate.swift in Sources */ = {isa = PBXBuildFile; fileRef = 044CE5D327A28AC0003CFABC /* SceneDelegate.swift */; };
		044CE5D627A28AC0003CFABC /* HomeViewController.swift in Sources */ = {isa = PBXBuildFile; fileRef = 044CE5D527A28AC0003CFABC /* HomeViewController.swift */; };
		044CE5DB27A28AC2003CFABC /* Assets.xcassets in Resources */ = {isa = PBXBuildFile; fileRef = 044CE5DA27A28AC2003CFABC /* Assets.xcassets */; };
		044CE5DE27A28AC2003CFABC /* LaunchScreen.storyboard in Resources */ = {isa = PBXBuildFile; fileRef = 044CE5DC27A28AC2003CFABC /* LaunchScreen.storyboard */; };
		044CE5EE27A28D00003CFABC /* SignInViewController.swift in Sources */ = {isa = PBXBuildFile; fileRef = 044CE5ED27A28D00003CFABC /* SignInViewController.swift */; };
		044CE5F027A28D0B003CFABC /* SignUpViewController.swift in Sources */ = {isa = PBXBuildFile; fileRef = 044CE5EF27A28D0B003CFABC /* SignUpViewController.swift */; };
		044CE5F227A28D2C003CFABC /* NotificationsViewController.swift in Sources */ = {isa = PBXBuildFile; fileRef = 044CE5F127A28D2C003CFABC /* NotificationsViewController.swift */; };
		044CE5F427A28D45003CFABC /* DiscoverViewController.swift in Sources */ = {isa = PBXBuildFile; fileRef = 044CE5F327A28D45003CFABC /* DiscoverViewController.swift */; };
		044CE5F627A28D55003CFABC /* ProfileViewController.swift in Sources */ = {isa = PBXBuildFile; fileRef = 044CE5F527A28D55003CFABC /* ProfileViewController.swift */; };
		044CE5F827A294D1003CFABC /* GoogleService-Info.plist in Resources */ = {isa = PBXBuildFile; fileRef = 044CE5F727A294D1003CFABC /* GoogleService-Info.plist */; };
		0DA7D1B4C9CF7DC1086DA215 /* Pods_MessangerAppIngel.framework in Frameworks */ = {isa = PBXBuildFile; fileRef = 46EF2F23CD5DBDB666114955 /* Pods_MessangerAppIngel.framework */; };
/* End PBXBuildFile section */

/* Begin PBXFileReference section */
		044CE5CE27A28AC0003CFABC /* MessangerAppIngel.app */ = {isa = PBXFileReference; explicitFileType = wrapper.application; includeInIndex = 0; path = MessangerAppIngel.app; sourceTree = BUILT_PRODUCTS_DIR; };
		044CE5D127A28AC0003CFABC /* AppDelegate.swift */ = {isa = PBXFileReference; lastKnownFileType = sourcecode.swift; path = AppDelegate.swift; sourceTree = "<group>"; };
		044CE5D327A28AC0003CFABC /* SceneDelegate.swift */ = {isa = PBXFileReference; lastKnownFileType = sourcecode.swift; path = SceneDelegate.swift; sourceTree = "<group>"; };
		044CE5D527A28AC0003CFABC /* HomeViewController.swift */ = {isa = PBXFileReference; lastKnownFileType = sourcecode.swift; path = HomeViewController.swift; sourceTree = "<group>"; };
		044CE5DA27A28AC2003CFABC /* Assets.xcassets */ = {isa = PBXFileReference; lastKnownFileType = folder.assetcatalog; path = Assets.xcassets; sourceTree = "<group>"; };
		044CE5DD27A28AC2003CFABC /* Base */ = {isa = PBXFileReference; lastKnownFileType = file.storyboard; name = Base; path = Base.lproj/LaunchScreen.storyboard; sourceTree = "<group>"; };
		044CE5DF27A28AC2003CFABC /* Info.plist */ = {isa = PBXFileReference; lastKnownFileType = text.plist.xml; path = Info.plist; sourceTree = "<group>"; };
		044CE5ED27A28D00003CFABC /* SignInViewController.swift */ = {isa = PBXFileReference; lastKnownFileType = sourcecode.swift; path = SignInViewController.swift; sourceTree = "<group>"; };
		044CE5EF27A28D0B003CFABC /* SignUpViewController.swift */ = {isa = PBXFileReference; lastKnownFileType = sourcecode.swift; path = SignUpViewController.swift; sourceTree = "<group>"; };
		044CE5F127A28D2C003CFABC /* NotificationsViewController.swift */ = {isa = PBXFileReference; lastKnownFileType = sourcecode.swift; path = NotificationsViewController.swift; sourceTree = "<group>"; };
		044CE5F327A28D45003CFABC /* DiscoverViewController.swift */ = {isa = PBXFileReference; lastKnownFileType = sourcecode.swift; path = DiscoverViewController.swift; sourceTree = "<group>"; };
		044CE5F527A28D55003CFABC /* ProfileViewController.swift */ = {isa = PBXFileReference; lastKnownFileType = sourcecode.swift; path = ProfileViewController.swift; sourceTree = "<group>"; };
		044CE5F727A294D1003CFABC /* GoogleService-Info.plist */ = {isa = PBXFileReference; fileEncoding = 4; lastKnownFileType = text.plist.xml; name = "GoogleService-Info.plist"; path = "../../../../../Downloads/GoogleService-Info.plist"; sourceTree = "<group>"; };
		05D7E1B13F842E2D74E53099 /* Pods-MessangerAppIngel.debug.xcconfig */ = {isa = PBXFileReference; includeInIndex = 1; lastKnownFileType = text.xcconfig; name = "Pods-MessangerAppIngel.debug.xcconfig"; path = "Target Support Files/Pods-MessangerAppIngel/Pods-MessangerAppIngel.debug.xcconfig"; sourceTree = "<group>"; };
		269F7B1006D78F4177B4EC9B /* Pods-MessangerAppIngel.release.xcconfig */ = {isa = PBXFileReference; includeInIndex = 1; lastKnownFileType = text.xcconfig; name = "Pods-MessangerAppIngel.release.xcconfig"; path = "Target Support Files/Pods-MessangerAppIngel/Pods-MessangerAppIngel.release.xcconfig"; sourceTree = "<group>"; };
		46EF2F23CD5DBDB666114955 /* Pods_MessangerAppIngel.framework */ = {isa = PBXFileReference; explicitFileType = wrapper.framework; includeInIndex = 0; path = Pods_MessangerAppIngel.framework; sourceTree = BUILT_PRODUCTS_DIR; };
/* End PBXFileReference section */

/* Begin PBXFrameworksBuildPhase section */
		044CE5CB27A28AC0003CFABC /* Frameworks */ = {
			isa = PBXFrameworksBuildPhase;
			buildActionMask = 2147483647;
			files = (
				0DA7D1B4C9CF7DC1086DA215 /* Pods_MessangerAppIngel.framework in Frameworks */,
			);
			runOnlyForDeploymentPostprocessing = 0;
		};
/* End PBXFrameworksBuildPhase section */

/* Begin PBXGroup section */
		044CE5C527A28AC0003CFABC = {
			isa = PBXGroup;
			children = (
				044CE5D027A28AC0003CFABC /* MessangerAppIngel */,
				044CE5CF27A28AC0003CFABC /* Products */,
				A33A174E2E322518DC64D2CE /* Pods */,
				FFBF35DE464F649269C371CD /* Frameworks */,
			);
			sourceTree = "<group>";
		};
		044CE5CF27A28AC0003CFABC /* Products */ = {
			isa = PBXGroup;
			children = (
				044CE5CE27A28AC0003CFABC /* MessangerAppIngel.app */,
			);
			name = Products;
			sourceTree = "<group>";
		};
		044CE5D027A28AC0003CFABC /* MessangerAppIngel */ = {
			isa = PBXGroup;
			children = (
				044CE5EA27A28BEE003CFABC /* Resources */,
				044CE5E927A28BE4003CFABC /* Managers */,
				044CE5E527A28BA7003CFABC /* Model */,
				044CE5E627A28BB3003CFABC /* Veiws */,
				044CE5E727A28BC7003CFABC /* Controllers */,
				044CE5DF27A28AC2003CFABC /* Info.plist */,
			);
			path = MessangerAppIngel;
			sourceTree = "<group>";
		};
		044CE5E527A28BA7003CFABC /* Model */ = {
			isa = PBXGroup;
			children = (
			);
			path = Model;
			sourceTree = "<group>";
		};
		044CE5E627A28BB3003CFABC /* Veiws */ = {
			isa = PBXGroup;
			children = (
				044CE5DC27A28AC2003CFABC /* LaunchScreen.storyboard */,
			);
			path = Veiws;
			sourceTree = "<group>";
		};
		044CE5E727A28BC7003CFABC /* Controllers */ = {
			isa = PBXGroup;
			children = (
				044CE5EC27A28CD3003CFABC /* Auth */,
				044CE5EB27A28CCF003CFABC /* Core */,
			);
			path = Controllers;
			sourceTree = "<group>";
		};
		044CE5E927A28BE4003CFABC /* Managers */ = {
			isa = PBXGroup;
			children = (
			);
			path = Managers;
			sourceTree = "<group>";
		};
		044CE5EA27A28BEE003CFABC /* Resources */ = {
			isa = PBXGroup;
			children = (
				044CE5D127A28AC0003CFABC /* AppDelegate.swift */,
				044CE5D327A28AC0003CFABC /* SceneDelegate.swift */,
				044CE5DA27A28AC2003CFABC /* Assets.xcassets */,
				044CE5F727A294D1003CFABC /* GoogleService-Info.plist */,
			);
			path = Resources;
			sourceTree = "<group>";
		};
		044CE5EB27A28CCF003CFABC /* Core */ = {
			isa = PBXGroup;
			children = (
				044CE5D527A28AC0003CFABC /* HomeViewController.swift */,
				044CE5F327A28D45003CFABC /* DiscoverViewController.swift */,
				044CE5F127A28D2C003CFABC /* NotificationsViewController.swift */,
				044CE5F527A28D55003CFABC /* ProfileViewController.swift */,
			);
			path = Core;
			sourceTree = "<group>";
		};
		044CE5EC27A28CD3003CFABC /* Auth */ = {
			isa = PBXGroup;
			children = (
				044CE5ED27A28D00003CFABC /* SignInViewController.swift */,
				044CE5EF27A28D0B003CFABC /* SignUpViewController.swift */,
			);
			path = Auth;
			sourceTree = "<group>";
		};
		A33A174E2E322518DC64D2CE /* Pods */ = {
			isa = PBXGroup;
			children = (
				05D7E1B13F842E2D74E53099 /* Pods-MessangerAppIngel.debug.xcconfig */,
				269F7B1006D78F4177B4EC9B /* Pods-MessangerAppIngel.release.xcconfig */,
			);
			name = Pods;
			path = Pods;
			sourceTree = "<group>";
		};
		FFBF35DE464F649269C371CD /* Frameworks */ = {
			isa = PBXGroup;
			children = (
				46EF2F23CD5DBDB666114955 /* Pods_MessangerAppIngel.framework */,
			);
			name = Frameworks;
			sourceTree = "<group>";
		};
/* End PBXGroup section */

/* Begin PBXNativeTarget section */
		044CE5CD27A28AC0003CFABC /* MessangerAppIngel */ = {
			isa = PBXNativeTarget;
			buildConfigurationList = 044CE5E227A28AC2003CFABC /* Build configuration list for PBXNativeTarget "MessangerAppIngel" */;
			buildPhases = (
				8D3A22F5BD0393A82D9C9134 /* [CP] Check Pods Manifest.lock */,
				044CE5CA27A28AC0003CFABC /* Sources */,
				044CE5CB27A28AC0003CFABC /* Frameworks */,
				044CE5CC27A28AC0003CFABC /* Resources */,
				2EC4843DDDB9A48EEF2C7640 /* [CP] Embed Pods Frameworks */,
			);
			buildRules = (
			);
			dependencies = (
			);
			name = MessangerAppIngel;
			productName = MessangerAppIngel;
			productReference = 044CE5CE27A28AC0003CFABC /* MessangerAppIngel.app */;
			productType = "com.apple.product-type.application";
		};
/* End PBXNativeTarget section */

/* Begin PBXProject section */
		044CE5C627A28AC0003CFABC /* Project object */ = {
			isa = PBXProject;
			attributes = {
				BuildIndependentTargetsInParallel = 1;
				LastSwiftUpdateCheck = 1320;
				LastUpgradeCheck = 1320;
				TargetAttributes = {
					044CE5CD27A28AC0003CFABC = {
						CreatedOnToolsVersion = 13.2.1;
					};
				};
			};
			buildConfigurationList = 044CE5C927A28AC0003CFABC /* Build configuration list for PBXProject "MessangerAppIngel" */;
			compatibilityVersion = "Xcode 13.0";
			developmentRegion = en;
			hasScannedForEncodings = 0;
			knownRegions = (
				en,
				Base,
			);
			mainGroup = 044CE5C527A28AC0003CFABC;
			productRefGroup = 044CE5CF27A28AC0003CFABC /* Products */;
			projectDirPath = "";
			projectRoot = "";
			targets = (
				044CE5CD27A28AC0003CFABC /* MessangerAppIngel */,
			);
		};
/* End PBXProject section */

/* Begin PBXResourcesBuildPhase section */
		044CE5CC27A28AC0003CFABC /* Resources */ = {
			isa = PBXResourcesBuildPhase;
			buildActionMask = 2147483647;
			files = (
				044CE5DE27A28AC2003CFABC /* LaunchScreen.storyboard in Resources */,
				044CE5DB27A28AC2003CFABC /* Assets.xcassets in Resources */,
				044CE5F827A294D1003CFABC /* GoogleService-Info.plist in Resources */,
			);
			runOnlyForDeploymentPostprocessing = 0;
		};
/* End PBXResourcesBuildPhase section */

/* Begin PBXShellScriptBuildPhase section */
		2EC4843DDDB9A48EEF2C7640 /* [CP] Embed Pods Frameworks */ = {
			isa = PBXShellScriptBuildPhase;
			buildActionMask = 2147483647;
			files = (
			);
			inputFileListPaths = (
				"${PODS_ROOT}/Target Support Files/Pods-MessangerAppIngel/Pods-MessangerAppIngel-frameworks-${CONFIGURATION}-input-files.xcfilelist",
			);
			name = "[CP] Embed Pods Frameworks";
			outputFileListPaths = (
				"${PODS_ROOT}/Target Support Files/Pods-MessangerAppIngel/Pods-MessangerAppIngel-frameworks-${CONFIGURATION}-output-files.xcfilelist",
			);
			runOnlyForDeploymentPostprocessing = 0;
			shellPath = /bin/sh;
			shellScript = "\"${PODS_ROOT}/Target Support Files/Pods-MessangerAppIngel/Pods-MessangerAppIngel-frameworks.sh\"\n";
			showEnvVarsInLog = 0;
		};
		8D3A22F5BD0393A82D9C9134 /* [CP] Check Pods Manifest.lock */ = {
			isa = PBXShellScriptBuildPhase;
			buildActionMask = 2147483647;
			files = (
			);
			inputFileListPaths = (
			);
			inputPaths = (
				"${PODS_PODFILE_DIR_PATH}/Podfile.lock",
				"${PODS_ROOT}/Manifest.lock",
			);
			name = "[CP] Check Pods Manifest.lock";
			outputFileListPaths = (
			);
			outputPaths = (
				"$(DERIVED_FILE_DIR)/Pods-MessangerAppIngel-checkManifestLockResult.txt",
			);
			runOnlyForDeploymentPostprocessing = 0;
			shellPath = /bin/sh;
			shellScript = "diff \"${PODS_PODFILE_DIR_PATH}/Podfile.lock\" \"${PODS_ROOT}/Manifest.lock\" > /dev/null\nif [ $? != 0 ] ; then\n    # print error to STDERR\n    echo \"error: The sandbox is not in sync with the Podfile.lock. Run 'pod install' or update your CocoaPods installation.\" >&2\n    exit 1\nfi\n# This output is used by Xcode 'outputs' to avoid re-running this script phase.\necho \"SUCCESS\" > \"${SCRIPT_OUTPUT_FILE_0}\"\n";
			showEnvVarsInLog = 0;
		};
/* End PBXShellScriptBuildPhase section */

/* Begin PBXSourcesBuildPhase section */
		044CE5CA27A28AC0003CFABC /* Sources */ = {
			isa = PBXSourcesBuildPhase;
			buildActionMask = 2147483647;
			files = (
				044CE5EE27A28D00003CFABC /* SignInViewController.swift in Sources */,
				044CE5D627A28AC0003CFABC /* HomeViewController.swift in Sources */,
				044CE5F427A28D45003CFABC /* DiscoverViewController.swift in Sources */,
				044CE5D227A28AC0003CFABC /* AppDelegate.swift in Sources */,
				044CE5F227A28D2C003CFABC /* NotificationsViewController.swift in Sources */,
				044CE5D427A28AC0003CFABC /* SceneDelegate.swift in Sources */,
				044CE5F627A28D55003CFABC /* ProfileViewController.swift in Sources */,
				044CE5F027A28D0B003CFABC /* SignUpViewController.swift in Sources */,
			);
			runOnlyForDeploymentPostprocessing = 0;
		};
/* End PBXSourcesBuildPhase section */

/* Begin PBXVariantGroup section */
		044CE5DC27A28AC2003CFABC /* LaunchScreen.storyboard */ = {
			isa = PBXVariantGroup;
			children = (
				044CE5DD27A28AC2003CFABC /* Base */,
			);
			name = LaunchScreen.storyboard;
			sourceTree = "<group>";
		};
/* End PBXVariantGroup section */

/* Begin XCBuildConfiguration section */
		044CE5E027A28AC2003CFABC /* Debug */ = {
			isa = XCBuildConfiguration;
			buildSettings = {
				ALWAYS_SEARCH_USER_PATHS = NO;
				CLANG_ANALYZER_NONNULL = YES;
				CLANG_ANALYZER_NUMBER_OBJECT_CONVERSION = YES_AGGRESSIVE;
				CLANG_CXX_LANGUAGE_STANDARD = "gnu++17";
				CLANG_CXX_LIBRARY = "libc++";
				CLANG_ENABLE_MODULES = YES;
				CLANG_ENABLE_OBJC_ARC = YES;
				CLANG_ENABLE_OBJC_WEAK = YES;
				CLANG_WARN_BLOCK_CAPTURE_AUTORELEASING = YES;
				CLANG_WARN_BOOL_CONVERSION = YES;
				CLANG_WARN_COMMA = YES;
				CLANG_WARN_CONSTANT_CONVERSION = YES;
				CLANG_WARN_DEPRECATED_OBJC_IMPLEMENTATIONS = YES;
				CLANG_WARN_DIRECT_OBJC_ISA_USAGE = YES_ERROR;
				CLANG_WARN_DOCUMENTATION_COMMENTS = YES;
				CLANG_WARN_EMPTY_BODY = YES;
				CLANG_WARN_ENUM_CONVERSION = YES;
				CLANG_WARN_INFINITE_RECURSION = YES;
				CLANG_WARN_INT_CONVERSION = YES;
				CLANG_WARN_NON_LITERAL_NULL_CONVERSION = YES;
				CLANG_WARN_OBJC_IMPLICIT_RETAIN_SELF = YES;
				CLANG_WARN_OBJC_LITERAL_CONVERSION = YES;
				CLANG_WARN_OBJC_ROOT_CLASS = YES_ERROR;
				CLANG_WARN_QUOTED_INCLUDE_IN_FRAMEWORK_HEADER = YES;
				CLANG_WARN_RANGE_LOOP_ANALYSIS = YES;
				CLANG_WARN_STRICT_PROTOTYPES = YES;
				CLANG_WARN_SUSPICIOUS_MOVE = YES;
				CLANG_WARN_UNGUARDED_AVAILABILITY = YES_AGGRESSIVE;
				CLANG_WARN_UNREACHABLE_CODE = YES;
				CLANG_WARN__DUPLICATE_METHOD_MATCH = YES;
				COPY_PHASE_STRIP = NO;
				DEBUG_INFORMATION_FORMAT = dwarf;
				ENABLE_STRICT_OBJC_MSGSEND = YES;
				ENABLE_TESTABILITY = YES;
				GCC_C_LANGUAGE_STANDARD = gnu11;
				GCC_DYNAMIC_NO_PIC = NO;
				GCC_NO_COMMON_BLOCKS = YES;
				GCC_OPTIMIZATION_LEVEL = 0;
				GCC_PREPROCESSOR_DEFINITIONS = (
					"DEBUG=1",
					"$(inherited)",
				);
				GCC_WARN_64_TO_32_BIT_CONVERSION = YES;
				GCC_WARN_ABOUT_RETURN_TYPE = YES_ERROR;
				GCC_WARN_UNDECLARED_SELECTOR = YES;
				GCC_WARN_UNINITIALIZED_AUTOS = YES_AGGRESSIVE;
				GCC_WARN_UNUSED_FUNCTION = YES;
				GCC_WARN_UNUSED_VARIABLE = YES;
				IPHONEOS_DEPLOYMENT_TARGET = 15.2;
				MTL_ENABLE_DEBUG_INFO = INCLUDE_SOURCE;
				MTL_FAST_MATH = YES;
				ONLY_ACTIVE_ARCH = YES;
				SDKROOT = iphoneos;
				SWIFT_ACTIVE_COMPILATION_CONDITIONS = DEBUG;
				SWIFT_OPTIMIZATION_LEVEL = "-Onone";
			};
			name = Debug;
		};
		044CE5E127A28AC2003CFABC /* Release */ = {
			isa = XCBuildConfiguration;
			buildSettings = {
				ALWAYS_SEARCH_USER_PATHS = NO;
				CLANG_ANALYZER_NONNULL = YES;
				CLANG_ANALYZER_NUMBER_OBJECT_CONVERSION = YES_AGGRESSIVE;
				CLANG_CXX_LANGUAGE_STANDARD = "gnu++17";
				CLANG_CXX_LIBRARY = "libc++";
				CLANG_ENABLE_MODULES = YES;
				CLANG_ENABLE_OBJC_ARC = YES;
				CLANG_ENABLE_OBJC_WEAK = YES;
				CLANG_WARN_BLOCK_CAPTURE_AUTORELEASING = YES;
				CLANG_WARN_BOOL_CONVERSION = YES;
				CLANG_WARN_COMMA = YES;
				CLANG_WARN_CONSTANT_CONVERSION = YES;
				CLANG_WARN_DEPRECATED_OBJC_IMPLEMENTATIONS = YES;
				CLANG_WARN_DIRECT_OBJC_ISA_USAGE = YES_ERROR;
				CLANG_WARN_DOCUMENTATION_COMMENTS = YES;
				CLANG_WARN_EMPTY_BODY = YES;
				CLANG_WARN_ENUM_CONVERSION = YES;
				CLANG_WARN_INFINITE_RECURSION = YES;
				CLANG_WARN_INT_CONVERSION = YES;
				CLANG_WARN_NON_LITERAL_NULL_CONVERSION = YES;
				CLANG_WARN_OBJC_IMPLICIT_RETAIN_SELF = YES;
				CLANG_WARN_OBJC_LITERAL_CONVERSION = YES;
				CLANG_WARN_OBJC_ROOT_CLASS = YES_ERROR;
				CLANG_WARN_QUOTED_INCLUDE_IN_FRAMEWORK_HEADER = YES;
				CLANG_WARN_RANGE_LOOP_ANALYSIS = YES;
				CLANG_WARN_STRICT_PROTOTYPES = YES;
				CLANG_WARN_SUSPICIOUS_MOVE = YES;
				CLANG_WARN_UNGUARDED_AVAILABILITY = YES_AGGRESSIVE;
				CLANG_WARN_UNREACHABLE_CODE = YES;
				CLANG_WARN__DUPLICATE_METHOD_MATCH = YES;
				COPY_PHASE_STRIP = NO;
				DEBUG_INFORMATION_FORMAT = "dwarf-with-dsym";
				ENABLE_NS_ASSERTIONS = NO;
				ENABLE_STRICT_OBJC_MSGSEND = YES;
				GCC_C_LANGUAGE_STANDARD = gnu11;
				GCC_NO_COMMON_BLOCKS = YES;
				GCC_WARN_64_TO_32_BIT_CONVERSION = YES;
				GCC_WARN_ABOUT_RETURN_TYPE = YES_ERROR;
				GCC_WARN_UNDECLARED_SELECTOR = YES;
				GCC_WARN_UNINITIALIZED_AUTOS = YES_AGGRESSIVE;
				GCC_WARN_UNUSED_FUNCTION = YES;
				GCC_WARN_UNUSED_VARIABLE = YES;
				IPHONEOS_DEPLOYMENT_TARGET = 15.2;
				MTL_ENABLE_DEBUG_INFO = NO;
				MTL_FAST_MATH = YES;
				SDKROOT = iphoneos;
				SWIFT_COMPILATION_MODE = wholemodule;
				SWIFT_OPTIMIZATION_LEVEL = "-O";
				VALIDATE_PRODUCT = YES;
			};
			name = Release;
		};
		044CE5E327A28AC2003CFABC /* Debug */ = {
			isa = XCBuildConfiguration;
			baseConfigurationReference = 05D7E1B13F842E2D74E53099 /* Pods-MessangerAppIngel.debug.xcconfig */;
			buildSettings = {
				ASSETCATALOG_COMPILER_APPICON_NAME = AppIcon;
				ASSETCATALOG_COMPILER_GLOBAL_ACCENT_COLOR_NAME = AccentColor;
				CODE_SIGN_STYLE = Automatic;
				CURRENT_PROJECT_VERSION = 1;
				DEVELOPMENT_TEAM = XHDAA27FF6;
				GENERATE_INFOPLIST_FILE = YES;
				INFOPLIST_FILE = MessangerAppIngel/Info.plist;
				INFOPLIST_KEY_UIApplicationSupportsIndirectInputEvents = YES;
				INFOPLIST_KEY_UILaunchStoryboardName = LaunchScreen;
				INFOPLIST_KEY_UISupportedInterfaceOrientations_iPad = "UIInterfaceOrientationPortrait UIInterfaceOrientationPortraitUpsideDown UIInterfaceOrientationLandscapeLeft UIInterfaceOrientationLandscapeRight";
				INFOPLIST_KEY_UISupportedInterfaceOrientations_iPhone = "UIInterfaceOrientationPortrait UIInterfaceOrientationLandscapeLeft UIInterfaceOrientationLandscapeRight";
				LD_RUNPATH_SEARCH_PATHS = (
					"$(inherited)",
					"@executable_path/Frameworks",
				);
				MARKETING_VERSION = 1.0;
				PRODUCT_BUNDLE_IDENTIFIER = com.stefandojcinovic.MessangerAppIngel;
				PRODUCT_NAME = "$(TARGET_NAME)";
				SWIFT_EMIT_LOC_STRINGS = YES;
				SWIFT_VERSION = 5.0;
				TARGETED_DEVICE_FAMILY = "1,2";
			};
			name = Debug;
		};
		044CE5E427A28AC2003CFABC /* Release */ = {
			isa = XCBuildConfiguration;
			baseConfigurationReference = 269F7B1006D78F4177B4EC9B /* Pods-MessangerAppIngel.release.xcconfig */;
			buildSettings = {
				ASSETCATALOG_COMPILER_APPICON_NAME = AppIcon;
				ASSETCATALOG_COMPILER_GLOBAL_ACCENT_COLOR_NAME = AccentColor;
				CODE_SIGN_STYLE = Automatic;
				CURRENT_PROJECT_VERSION = 1;
				DEVELOPMENT_TEAM = XHDAA27FF6;
				GENERATE_INFOPLIST_FILE = YES;
				INFOPLIST_FILE = MessangerAppIngel/Info.plist;
				INFOPLIST_KEY_UIApplicationSupportsIndirectInputEvents = YES;
				INFOPLIST_KEY_UILaunchStoryboardName = LaunchScreen;
				INFOPLIST_KEY_UISupportedInterfaceOrientations_iPad = "UIInterfaceOrientationPortrait UIInterfaceOrientationPortraitUpsideDown UIInterfaceOrientationLandscapeLeft UIInterfaceOrientationLandscapeRight";
				INFOPLIST_KEY_UISupportedInterfaceOrientations_iPhone = "UIInterfaceOrientationPortrait UIInterfaceOrientationLandscapeLeft UIInterfaceOrientationLandscapeRight";
				LD_RUNPATH_SEARCH_PATHS = (
					"$(inherited)",
					"@executable_path/Frameworks",
				);
				MARKETING_VERSION = 1.0;
				PRODUCT_BUNDLE_IDENTIFIER = com.stefandojcinovic.MessangerAppIngel;
				PRODUCT_NAME = "$(TARGET_NAME)";
				SWIFT_EMIT_LOC_STRINGS = YES;
				SWIFT_VERSION = 5.0;
				TARGETED_DEVICE_FAMILY = "1,2";
			};
			name = Release;
		};
/* End XCBuildConfiguration section */

/* Begin XCConfigurationList section */
		044CE5C927A28AC0003CFABC /* Build configuration list for PBXProject "MessangerAppIngel" */ = {
			isa = XCConfigurationList;
			buildConfigurations = (
				044CE5E027A28AC2003CFABC /* Debug */,
				044CE5E127A28AC2003CFABC /* Release */,
			);
			defaultConfigurationIsVisible = 0;
			defaultConfigurationName = Release;
		};
		044CE5E227A28AC2003CFABC /* Build configuration list for PBXNativeTarget "MessangerAppIngel" */ = {
			isa = XCConfigurationList;
			buildConfigurations = (
				044CE5E327A28AC2003CFABC /* Debug */,
				044CE5E427A28AC2003CFABC /* Release */,
			);
			defaultConfigurationIsVisible = 0;
			defaultConfigurationName = Release;
		};
/* End XCConfigurationList section */
	};
	rootObject = 044CE5C627A28AC0003CFABC /* Project object */;
}
